
Microsoft Visual Studio Solution File, Format Version 12.00
# Visual Studio Version 17
VisualStudioVersion = 17.8.33611.7
MinimumVisualStudioVersion = 10.0.40219.1
Project("{FAE04EC0-301F-11D3-BF4B-00C04F79EFBC}") = "ControleEstoque.Domain", "src\ControleEstoque.Domain\ControleEstoque.Domain.csproj", "{97821A02-0FAF-4020-8B6F-A7A7E8A7AC20}"
EndProject
Project("{FAE04EC0-301F-11D3-BF4B-00C04F79EFBC}") = "ControleEstoque.Domain.Tests", "tests\ControleEstoque.Domain.Tests\ControleEstoque.Domain.Tests.csproj", "{24C576FE-AF3F-4530-8A51-63B370384C36}"
EndProject
Project("{2150E333-8FDC-42A3-9474-1A3956D46DE8}") = "src", "src", "{827E0CD3-B72D-47B6-A68D-7590B98EB39B}"
EndProject
Project("{FAE04EC0-301F-11D3-BF4B-00C04F79EFBC}") = "ControleEstoque.Application", "src\ControleEstoque.Application\ControleEstoque.Application.csproj", "{3FE1F6CE-7465-4292-ACD5-9FD35A6C5E0F}"
EndProject
Project("{FAE04EC0-301F-11D3-BF4B-00C04F79EFBC}") = "ControleEstoque.ConsoleApp", "src\ControleEstoque.ConsoleApp\ControleEstoque.ConsoleApp.csproj", "{939C1388-448C-4CD9-906D-1FE69BE0F23E}"
EndProject
Project("{FAE04EC0-301F-11D3-BF4B-00C04F79EFBC}") = "ControleEstoque.Blazor", "src\ControleEstoque.Blazor\ControleEstoque.Blazor.csproj", "{6843FF24-DD55-4002-B3E7-0DF1353B4061}"
EndProject
Global
	GlobalSection(SolutionConfigurationPlatforms) = preSolution
		Debug|Any CPU = Debug|Any CPU
		Debug|x64 = Debug|x64
		Debug|x86 = Debug|x86
		Release|Any CPU = Release|Any CPU
		Release|x64 = Release|x64
		Release|x86 = Release|x86
	EndGlobalSection
	GlobalSection(ProjectConfigurationPlatforms) = postSolution
		{97821A02-0FAF-4020-8B6F-A7A7E8A7AC20}.Debug|Any CPU.ActiveCfg = Debug|Any CPU
		{97821A02-0FAF-4020-8B6F-A7A7E8A7AC20}.Debug|Any CPU.Build.0 = Debug|Any CPU
		{97821A02-0FAF-4020-8B6F-A7A7E8A7AC20}.Debug|x64.ActiveCfg = Debug|Any CPU
		{97821A02-0FAF-4020-8B6F-A7A7E8A7AC20}.Debug|x64.Build.0 = Debug|Any CPU
		{97821A02-0FAF-4020-8B6F-A7A7E8A7AC20}.Debug|x86.ActiveCfg = Debug|Any CPU
		{97821A02-0FAF-4020-8B6F-A7A7E8A7AC20}.Debug|x86.Build.0 = Debug|Any CPU
		{97821A02-0FAF-4020-8B6F-A7A7E8A7AC20}.Release|Any CPU.ActiveCfg = Release|Any CPU
		{97821A02-0FAF-4020-8B6F-A7A7E8A7AC20}.Release|Any CPU.Build.0 = Release|Any CPU
		{97821A02-0FAF-4020-8B6F-A7A7E8A7AC20}.Release|x64.ActiveCfg = Release|Any CPU
		{97821A02-0FAF-4020-8B6F-A7A7E8A7AC20}.Release|x64.Build.0 = Release|Any CPU
		{97821A02-0FAF-4020-8B6F-A7A7E8A7AC20}.Release|x86.ActiveCfg = Release|Any CPU
		{97821A02-0FAF-4020-8B6F-A7A7E8A7AC20}.Release|x86.Build.0 = Release|Any CPU
		{24C576FE-AF3F-4530-8A51-63B370384C36}.Debug|Any CPU.ActiveCfg = Debug|Any CPU
		{24C576FE-AF3F-4530-8A51-63B370384C36}.Debug|Any CPU.Build.0 = Debug|Any CPU
		{24C576FE-AF3F-4530-8A51-63B370384C36}.Debug|x64.ActiveCfg = Debug|Any CPU
		{24C576FE-AF3F-4530-8A51-63B370384C36}.Debug|x64.Build.0 = Debug|Any CPU
		{24C576FE-AF3F-4530-8A51-63B370384C36}.Debug|x86.ActiveCfg = Debug|Any CPU
		{24C576FE-AF3F-4530-8A51-63B370384C36}.Debug|x86.Build.0 = Debug|Any CPU
		{24C576FE-AF3F-4530-8A51-63B370384C36}.Release|Any CPU.ActiveCfg = Release|Any CPU
		{24C576FE-AF3F-4530-8A51-63B370384C36}.Release|Any CPU.Build.0 = Release|Any CPU
		{24C576FE-AF3F-4530-8A51-63B370384C36}.Release|x64.ActiveCfg = Release|Any CPU
		{24C576FE-AF3F-4530-8A51-63B370384C36}.Release|x64.Build.0 = Release|Any CPU
		{24C576FE-AF3F-4530-8A51-63B370384C36}.Release|x86.ActiveCfg = Release|Any CPU
		{24C576FE-AF3F-4530-8A51-63B370384C36}.Release|x86.Build.0 = Release|Any CPU
		{3FE1F6CE-7465-4292-ACD5-9FD35A6C5E0F}.Debug|Any CPU.ActiveCfg = Debug|Any CPU
		{3FE1F6CE-7465-4292-ACD5-9FD35A6C5E0F}.Debug|Any CPU.Build.0 = Debug|Any CPU
		{3FE1F6CE-7465-4292-ACD5-9FD35A6C5E0F}.Debug|x64.ActiveCfg = Debug|Any CPU
		{3FE1F6CE-7465-4292-ACD5-9FD35A6C5E0F}.Debug|x64.Build.0 = Debug|Any CPU
		{3FE1F6CE-7465-4292-ACD5-9FD35A6C5E0F}.Debug|x86.ActiveCfg = Debug|Any CPU
		{3FE1F6CE-7465-4292-ACD5-9FD35A6C5E0F}.Debug|x86.Build.0 = Debug|Any CPU
		{3FE1F6CE-7465-4292-ACD5-9FD35A6C5E0F}.Release|Any CPU.ActiveCfg = Release|Any CPU
		{3FE1F6CE-7465-4292-ACD5-9FD35A6C5E0F}.Release|Any CPU.Build.0 = Release|Any CPU
		{3FE1F6CE-7465-4292-ACD5-9FD35A6C5E0F}.Release|x64.ActiveCfg = Release|Any CPU
		{3FE1F6CE-7465-4292-ACD5-9FD35A6C5E0F}.Release|x64.Build.0 = Release|Any CPU
		{3FE1F6CE-7465-4292-ACD5-9FD35A6C5E0F}.Release|x86.ActiveCfg = Release|Any CPU
		{3FE1F6CE-7465-4292-ACD5-9FD35A6C5E0F}.Release|x86.Build.0 = Release|Any CPU
		{939C1388-448C-4CD9-906D-1FE69BE0F23E}.Debug|Any CPU.ActiveCfg = Debug|Any CPU
		{939C1388-448C-4CD9-906D-1FE69BE0F23E}.Debug|Any CPU.Build.0 = Debug|Any CPU
		{939C1388-448C-4CD9-906D-1FE69BE0F23E}.Debug|x64.ActiveCfg = Debug|Any CPU
		{939C1388-448C-4CD9-906D-1FE69BE0F23E}.Debug|x64.Build.0 = Debug|Any CPU
		{939C1388-448C-4CD9-906D-1FE69BE0F23E}.Debug|x86.ActiveCfg = Debug|Any CPU
		{939C1388-448C-4CD9-906D-1FE69BE0F23E}.Debug|x86.Build.0 = Debug|Any CPU
		{939C1388-448C-4CD9-906D-1FE69BE0F23E}.Release|Any CPU.ActiveCfg = Release|Any CPU
		{939C1388-448C-4CD9-906D-1FE69BE0F23E}.Release|Any CPU.Build.0 = Release|Any CPU
		{939C1388-448C-4CD9-906D-1FE69BE0F23E}.Release|x64.ActiveCfg = Release|Any CPU
		{939C1388-448C-4CD9-906D-1FE69BE0F23E}.Release|x64.Build.0 = Release|Any CPU
		{939C1388-448C-4CD9-906D-1FE69BE0F23E}.Release|x86.ActiveCfg = Release|Any CPU
		{939C1388-448C-4CD9-906D-1FE69BE0F23E}.Release|x86.Build.0 = Release|Any CPU
		{6843FF24-DD55-4002-B3E7-0DF1353B4061}.Debug|Any CPU.ActiveCfg = Debug|Any CPU
		{6843FF24-DD55-4002-B3E7-0DF1353B4061}.Debug|Any CPU.Build.0 = Debug|Any CPU
		{6843FF24-DD55-4002-B3E7-0DF1353B4061}.Debug|x64.ActiveCfg = Debug|Any CPU
		{6843FF24-DD55-4002-B3E7-0DF1353B4061}.Debug|x64.Build.0 = Debug|Any CPU
		{6843FF24-DD55-4002-B3E7-0DF1353B4061}.Debug|x86.ActiveCfg = Debug|Any CPU
		{6843FF24-DD55-4002-B3E7-0DF1353B4061}.Debug|x86.Build.0 = Debug|Any CPU
		{6843FF24-DD55-4002-B3E7-0DF1353B4061}.Release|Any CPU.ActiveCfg = Release|Any CPU
		{6843FF24-DD55-4002-B3E7-0DF1353B4061}.Release|Any CPU.Build.0 = Release|Any CPU
		{6843FF24-DD55-4002-B3E7-0DF1353B4061}.Release|x64.ActiveCfg = Release|Any CPU
		{6843FF24-DD55-4002-B3E7-0DF1353B4061}.Release|x64.Build.0 = Release|Any CPU
		{6843FF24-DD55-4002-B3E7-0DF1353B4061}.Release|x86.ActiveCfg = Release|Any CPU
		{6843FF24-DD55-4002-B3E7-0DF1353B4061}.Release|x86.Build.0 = Release|Any CPU
	EndGlobalSection
	GlobalSection(SolutionProperties) = preSolution
		HideSolutionNode = FALSE
	EndGlobalSection
	GlobalSection(NestedProjects) = preSolution
		{3FE1F6CE-7465-4292-ACD5-9FD35A6C5E0F} = {827E0CD3-B72D-47B6-A68D-7590B98EB39B}
		{939C1388-448C-4CD9-906D-1FE69BE0F23E} = {827E0CD3-B72D-47B6-A68D-7590B98EB39B}
		{6843FF24-DD55-4002-B3E7-0DF1353B4061} = {827E0CD3-B72D-47B6-A68D-7590B98EB39B}
	EndGlobalSection
EndGlobal
